
Microsoft Visual Studio Solution File, Format Version 12.00
# Visual Studio Version 17
VisualStudioVersion = 17.7.34031.279
MinimumVisualStudioVersion = 10.0.40219.1
Project("{FAE04EC0-301F-11D3-BF4B-00C04F79EFBC}") = "dom5", "dom5\dom5.csproj", "{A31C9BE8-080F-4E3E-92FE-10383D18F940}"
EndProject
Global
	GlobalSection(SolutionConfigurationPlatforms) = preSolution
		Debug|Any CPU = Debug|Any CPU
		Release|Any CPU = Release|Any CPU
	EndGlobalSection
	GlobalSection(ProjectConfigurationPlatforms) = postSolution
		{A31C9BE8-080F-4E3E-92FE-10383D18F940}.Debug|Any CPU.ActiveCfg = Debug|Any CPU
		{A31C9BE8-080F-4E3E-92FE-10383D18F940}.Debug|Any CPU.Build.0 = Debug|Any CPU
		{A31C9BE8-080F-4E3E-92FE-10383D18F940}.Release|Any CPU.ActiveCfg = Release|Any CPU
		{A31C9BE8-080F-4E3E-92FE-10383D18F940}.Release|Any CPU.Build.0 = Release|Any CPU
	EndGlobalSection
	GlobalSection(SolutionProperties) = preSolution
		HideSolutionNode = FALSE
	EndGlobalSection
	GlobalSection(ExtensibilityGlobals) = postSolution
		SolutionGuid = {6CBB5A1A-26C6-43FD-87D4-AAC6DE030228}
	EndGlobalSection
EndGlobal
